
Microsoft Visual Studio Solution File, Format Version 12.00
# Visual Studio Version 16
VisualStudioVersion = 16.0.30907.101
MinimumVisualStudioVersion = 10.0.40219.1
Project("{9A19103F-16F7-4668-BE54-9A1E7A4F7556}") = "BrgyProfileCore", "BrgyProfileCore\BrgyProfileCore.csproj", "{73D3F996-34E6-4A97-880E-F3CE6D8E2B7B}"
EndProject
Project("{840C416C-B8F3-42BC-B0DD-F6BB14C9F8CB}") = "BrgyInstaller", "BrgyInstaller\BrgyInstaller.aiproj", "{E9EA8D7C-1DAB-4526-BD83-C3532BFE79E0}"
EndProject
Global
	GlobalSection(SolutionConfigurationPlatforms) = preSolution
		All|Any CPU = All|Any CPU
		Debug|Any CPU = Debug|Any CPU
		Release|Any CPU = Release|Any CPU
	EndGlobalSection
	GlobalSection(ProjectConfigurationPlatforms) = postSolution
		{73D3F996-34E6-4A97-880E-F3CE6D8E2B7B}.All|Any CPU.ActiveCfg = Release|Any CPU
		{73D3F996-34E6-4A97-880E-F3CE6D8E2B7B}.All|Any CPU.Build.0 = Release|Any CPU
		{73D3F996-34E6-4A97-880E-F3CE6D8E2B7B}.Debug|Any CPU.ActiveCfg = Debug|Any CPU
		{73D3F996-34E6-4A97-880E-F3CE6D8E2B7B}.Debug|Any CPU.Build.0 = Debug|Any CPU
		{73D3F996-34E6-4A97-880E-F3CE6D8E2B7B}.Release|Any CPU.ActiveCfg = Release|Any CPU
		{73D3F996-34E6-4A97-880E-F3CE6D8E2B7B}.Release|Any CPU.Build.0 = Release|Any CPU
		{E9EA8D7C-1DAB-4526-BD83-C3532BFE79E0}.All|Any CPU.ActiveCfg = DefaultBuild
		{E9EA8D7C-1DAB-4526-BD83-C3532BFE79E0}.Debug|Any CPU.ActiveCfg = DefaultBuild
		{E9EA8D7C-1DAB-4526-BD83-C3532BFE79E0}.Release|Any CPU.ActiveCfg = DefaultBuild
	EndGlobalSection
	GlobalSection(SolutionProperties) = preSolution
		HideSolutionNode = FALSE
	EndGlobalSection
	GlobalSection(ExtensibilityGlobals) = postSolution
		SolutionGuid = {A5FFD5BF-AAA0-4DA0-86C9-EFFD691B9B63}
	EndGlobalSection
EndGlobal
